
Microsoft Visual Studio Solution File, Format Version 12.00
# Visual Studio Version 17
VisualStudioVersion = 17.11.35312.102
MinimumVisualStudioVersion = 10.0.40219.1
Project("{9A19103F-16F7-4668-BE54-9A1E7A4F7556}") = "Basics_01_Variables", "Basics_01_Variables\Basics_01_Variables.csproj", "{3E60D940-84F9-4621-ABA7-0905426DA142}"
EndProject
Project("{9A19103F-16F7-4668-BE54-9A1E7A4F7556}") = "Basics_03_Strings", "Basics_03_Strings\Basics_03_Strings.csproj", "{F20CA334-5456-4809-A5C0-925817048571}"
EndProject
Project("{9A19103F-16F7-4668-BE54-9A1E7A4F7556}") = "Basics_04_Pictures", "Basics_04_Pictures\Basics_04_Pictures.csproj", "{02C1C8BC-B81F-4377-B66A-6A97EB067B84}"
EndProject
Project("{9A19103F-16F7-4668-BE54-9A1E7A4F7556}") = "Basics_05_Permutation", "Basics_05_Permutation\Basics_05_Permutation.csproj", "{BDBD98B4-6E43-42DB-B108-80438297A37D}"
EndProject
Project("{9A19103F-16F7-4668-BE54-9A1E7A4F7556}") = "Basics_06_CrystalShop", "Basics_06_CrystalShop\Basics_06_CrystalShop.csproj", "{2F835740-6686-43D5-BAA0-913FA7EF0946}"
EndProject
Project("{9A19103F-16F7-4668-BE54-9A1E7A4F7556}") = "Basics_07_Polyclinic", "Basics_07_Polyclinic\Basics_07_Polyclinic.csproj", "{AB83A0C8-EEB5-4D6D-A6CC-B9C02A207807}"
EndProject
Project("{9A19103F-16F7-4668-BE54-9A1E7A4F7556}") = "ISL_01_Mastering", "IfSwitchLoops\ISL_01_Mastering\ISL_01_Mastering.csproj", "{03C3BEEA-B25B-4DEA-B105-066B9D463AE2}"
EndProject
Project("{2150E333-8FDC-42A3-9474-1A3956D46DE8}") = "B2_IfSwitchLoops", "B2_IfSwitchLoops", "{A856B975-B69B-4B23-93F2-BE085AFED3B1}"
EndProject
Project("{9A19103F-16F7-4668-BE54-9A1E7A4F7556}") = "ISL_02_OutputControl", "IfSwitchLoops\ISL_02_OutputControl\ISL_02_OutputControl.csproj", "{633E26AA-CE32-4FAB-80A9-006DD4C5C928}"
EndProject
Project("{9A19103F-16F7-4668-BE54-9A1E7A4F7556}") = "ISL_03_Sequence", "IfSwitchLoops\ISL_03_Sequence\ISL_03_Sequence.csproj", "{335805D2-7F40-4CA8-B4C9-D0806EFC54BC}"
EndProject
Project("{9A19103F-16F7-4668-BE54-9A1E7A4F7556}") = "ISL_04_TheSum", "IfSwitchLoops\ISL_04_TheSum\ISL_04_TheSum.csproj", "{F05E9731-E623-4CA1-B142-D5113F7C4D92}"
EndProject
Project("{9A19103F-16F7-4668-BE54-9A1E7A4F7556}") = "ISL_05_ConsoleMenu", "IfSwitchLoops\ISL_05_ConsoleMenu\ISL_05_ConsoleMenu.csproj", "{01C6FE67-0817-4DFD-BC5D-9DEC5DED4585}"
EndProject
Project("{9A19103F-16F7-4668-BE54-9A1E7A4F7556}") = "ISL_06_CurrencyConverter", "IfSwitchLoops\ISL_06_CurrencyConverter\ISL_06_CurrencyConverter.csproj", "{BED9C907-F5F0-490E-B38A-64427A73470A}"
EndProject
Project("{FAE04EC0-301F-11D3-BF4B-00C04F79EFBC}") = "ISL_07_NameOutput", "IfSwitchLoops\ISL_07_NameOutput\ISL_07_NameOutput.csproj", "{222BC06A-8129-4F0D-87CF-C00AEFC5A7FF}"
EndProject
Global
	GlobalSection(SolutionConfigurationPlatforms) = preSolution
		Debug|Any CPU = Debug|Any CPU
		Release|Any CPU = Release|Any CPU
	EndGlobalSection
	GlobalSection(ProjectConfigurationPlatforms) = postSolution
		{3E60D940-84F9-4621-ABA7-0905426DA142}.Debug|Any CPU.ActiveCfg = Debug|Any CPU
		{3E60D940-84F9-4621-ABA7-0905426DA142}.Debug|Any CPU.Build.0 = Debug|Any CPU
		{3E60D940-84F9-4621-ABA7-0905426DA142}.Release|Any CPU.ActiveCfg = Release|Any CPU
		{3E60D940-84F9-4621-ABA7-0905426DA142}.Release|Any CPU.Build.0 = Release|Any CPU
		{F20CA334-5456-4809-A5C0-925817048571}.Debug|Any CPU.ActiveCfg = Debug|Any CPU
		{F20CA334-5456-4809-A5C0-925817048571}.Debug|Any CPU.Build.0 = Debug|Any CPU
		{F20CA334-5456-4809-A5C0-925817048571}.Release|Any CPU.ActiveCfg = Release|Any CPU
		{F20CA334-5456-4809-A5C0-925817048571}.Release|Any CPU.Build.0 = Release|Any CPU
		{02C1C8BC-B81F-4377-B66A-6A97EB067B84}.Debug|Any CPU.ActiveCfg = Debug|Any CPU
		{02C1C8BC-B81F-4377-B66A-6A97EB067B84}.Debug|Any CPU.Build.0 = Debug|Any CPU
		{02C1C8BC-B81F-4377-B66A-6A97EB067B84}.Release|Any CPU.ActiveCfg = Release|Any CPU
		{02C1C8BC-B81F-4377-B66A-6A97EB067B84}.Release|Any CPU.Build.0 = Release|Any CPU
		{BDBD98B4-6E43-42DB-B108-80438297A37D}.Debug|Any CPU.ActiveCfg = Debug|Any CPU
		{BDBD98B4-6E43-42DB-B108-80438297A37D}.Debug|Any CPU.Build.0 = Debug|Any CPU
		{BDBD98B4-6E43-42DB-B108-80438297A37D}.Release|Any CPU.ActiveCfg = Release|Any CPU
		{BDBD98B4-6E43-42DB-B108-80438297A37D}.Release|Any CPU.Build.0 = Release|Any CPU
		{2F835740-6686-43D5-BAA0-913FA7EF0946}.Debug|Any CPU.ActiveCfg = Debug|Any CPU
		{2F835740-6686-43D5-BAA0-913FA7EF0946}.Debug|Any CPU.Build.0 = Debug|Any CPU
		{2F835740-6686-43D5-BAA0-913FA7EF0946}.Release|Any CPU.ActiveCfg = Release|Any CPU
		{2F835740-6686-43D5-BAA0-913FA7EF0946}.Release|Any CPU.Build.0 = Release|Any CPU
		{AB83A0C8-EEB5-4D6D-A6CC-B9C02A207807}.Debug|Any CPU.ActiveCfg = Debug|Any CPU
		{AB83A0C8-EEB5-4D6D-A6CC-B9C02A207807}.Debug|Any CPU.Build.0 = Debug|Any CPU
		{AB83A0C8-EEB5-4D6D-A6CC-B9C02A207807}.Release|Any CPU.ActiveCfg = Release|Any CPU
		{AB83A0C8-EEB5-4D6D-A6CC-B9C02A207807}.Release|Any CPU.Build.0 = Release|Any CPU
		{03C3BEEA-B25B-4DEA-B105-066B9D463AE2}.Debug|Any CPU.ActiveCfg = Debug|Any CPU
		{03C3BEEA-B25B-4DEA-B105-066B9D463AE2}.Debug|Any CPU.Build.0 = Debug|Any CPU
		{03C3BEEA-B25B-4DEA-B105-066B9D463AE2}.Release|Any CPU.ActiveCfg = Release|Any CPU
		{03C3BEEA-B25B-4DEA-B105-066B9D463AE2}.Release|Any CPU.Build.0 = Release|Any CPU
		{633E26AA-CE32-4FAB-80A9-006DD4C5C928}.Debug|Any CPU.ActiveCfg = Debug|Any CPU
		{633E26AA-CE32-4FAB-80A9-006DD4C5C928}.Debug|Any CPU.Build.0 = Debug|Any CPU
		{633E26AA-CE32-4FAB-80A9-006DD4C5C928}.Release|Any CPU.ActiveCfg = Release|Any CPU
		{633E26AA-CE32-4FAB-80A9-006DD4C5C928}.Release|Any CPU.Build.0 = Release|Any CPU
		{335805D2-7F40-4CA8-B4C9-D0806EFC54BC}.Debug|Any CPU.ActiveCfg = Debug|Any CPU
		{335805D2-7F40-4CA8-B4C9-D0806EFC54BC}.Debug|Any CPU.Build.0 = Debug|Any CPU
		{335805D2-7F40-4CA8-B4C9-D0806EFC54BC}.Release|Any CPU.ActiveCfg = Release|Any CPU
		{335805D2-7F40-4CA8-B4C9-D0806EFC54BC}.Release|Any CPU.Build.0 = Release|Any CPU
		{F05E9731-E623-4CA1-B142-D5113F7C4D92}.Debug|Any CPU.ActiveCfg = Debug|Any CPU
		{F05E9731-E623-4CA1-B142-D5113F7C4D92}.Debug|Any CPU.Build.0 = Debug|Any CPU
		{F05E9731-E623-4CA1-B142-D5113F7C4D92}.Release|Any CPU.ActiveCfg = Release|Any CPU
		{F05E9731-E623-4CA1-B142-D5113F7C4D92}.Release|Any CPU.Build.0 = Release|Any CPU
		{01C6FE67-0817-4DFD-BC5D-9DEC5DED4585}.Debug|Any CPU.ActiveCfg = Debug|Any CPU
		{01C6FE67-0817-4DFD-BC5D-9DEC5DED4585}.Debug|Any CPU.Build.0 = Debug|Any CPU
		{01C6FE67-0817-4DFD-BC5D-9DEC5DED4585}.Release|Any CPU.ActiveCfg = Release|Any CPU
		{01C6FE67-0817-4DFD-BC5D-9DEC5DED4585}.Release|Any CPU.Build.0 = Release|Any CPU
		{BED9C907-F5F0-490E-B38A-64427A73470A}.Debug|Any CPU.ActiveCfg = Debug|Any CPU
		{BED9C907-F5F0-490E-B38A-64427A73470A}.Debug|Any CPU.Build.0 = Debug|Any CPU
		{BED9C907-F5F0-490E-B38A-64427A73470A}.Release|Any CPU.ActiveCfg = Release|Any CPU
		{BED9C907-F5F0-490E-B38A-64427A73470A}.Release|Any CPU.Build.0 = Release|Any CPU
		{222BC06A-8129-4F0D-87CF-C00AEFC5A7FF}.Debug|Any CPU.ActiveCfg = Debug|Any CPU
		{222BC06A-8129-4F0D-87CF-C00AEFC5A7FF}.Debug|Any CPU.Build.0 = Debug|Any CPU
		{222BC06A-8129-4F0D-87CF-C00AEFC5A7FF}.Release|Any CPU.ActiveCfg = Release|Any CPU
		{222BC06A-8129-4F0D-87CF-C00AEFC5A7FF}.Release|Any CPU.Build.0 = Release|Any CPU
	EndGlobalSection
	GlobalSection(SolutionProperties) = preSolution
		HideSolutionNode = FALSE
	EndGlobalSection
	GlobalSection(NestedProjects) = preSolution
		{03C3BEEA-B25B-4DEA-B105-066B9D463AE2} = {A856B975-B69B-4B23-93F2-BE085AFED3B1}
		{633E26AA-CE32-4FAB-80A9-006DD4C5C928} = {A856B975-B69B-4B23-93F2-BE085AFED3B1}
		{335805D2-7F40-4CA8-B4C9-D0806EFC54BC} = {A856B975-B69B-4B23-93F2-BE085AFED3B1}
		{F05E9731-E623-4CA1-B142-D5113F7C4D92} = {A856B975-B69B-4B23-93F2-BE085AFED3B1}
		{01C6FE67-0817-4DFD-BC5D-9DEC5DED4585} = {A856B975-B69B-4B23-93F2-BE085AFED3B1}
		{BED9C907-F5F0-490E-B38A-64427A73470A} = {A856B975-B69B-4B23-93F2-BE085AFED3B1}
		{222BC06A-8129-4F0D-87CF-C00AEFC5A7FF} = {A856B975-B69B-4B23-93F2-BE085AFED3B1}
	EndGlobalSection
	GlobalSection(ExtensibilityGlobals) = postSolution
		SolutionGuid = {033C9FB5-17CE-453B-8B20-2962315533C0}
	EndGlobalSection
EndGlobal
