
Microsoft Visual Studio Solution File, Format Version 12.00
# Visual Studio Version 17
VisualStudioVersion = 17.11.35312.102
MinimumVisualStudioVersion = 10.0.40219.1
Project("{FAE04EC0-301F-11D3-BF4B-00C04F79EFBC}") = "Basics_01_Variables", "Basics_01_Variables\Basics_01_Variables.csproj", "{3E60D940-84F9-4621-ABA7-0905426DA142}"
EndProject
Project("{FAE04EC0-301F-11D3-BF4B-00C04F79EFBC}") = "Basics_03_Strings", "Basics_03_Strings\Basics_03_Strings.csproj", "{F20CA334-5456-4809-A5C0-925817048571}"
EndProject
Project("{FAE04EC0-301F-11D3-BF4B-00C04F79EFBC}") = "Basics_04_Pictures", "Basics_04_Pictures\Basics_04_Pictures.csproj", "{02C1C8BC-B81F-4377-B66A-6A97EB067B84}"
EndProject
Global
	GlobalSection(SolutionConfigurationPlatforms) = preSolution
		Debug|Any CPU = Debug|Any CPU
		Release|Any CPU = Release|Any CPU
	EndGlobalSection
	GlobalSection(ProjectConfigurationPlatforms) = postSolution
		{3E60D940-84F9-4621-ABA7-0905426DA142}.Debug|Any CPU.ActiveCfg = Debug|Any CPU
		{3E60D940-84F9-4621-ABA7-0905426DA142}.Debug|Any CPU.Build.0 = Debug|Any CPU
		{3E60D940-84F9-4621-ABA7-0905426DA142}.Release|Any CPU.ActiveCfg = Release|Any CPU
		{3E60D940-84F9-4621-ABA7-0905426DA142}.Release|Any CPU.Build.0 = Release|Any CPU
		{F20CA334-5456-4809-A5C0-925817048571}.Debug|Any CPU.ActiveCfg = Debug|Any CPU
		{F20CA334-5456-4809-A5C0-925817048571}.Debug|Any CPU.Build.0 = Debug|Any CPU
		{F20CA334-5456-4809-A5C0-925817048571}.Release|Any CPU.ActiveCfg = Release|Any CPU
		{F20CA334-5456-4809-A5C0-925817048571}.Release|Any CPU.Build.0 = Release|Any CPU
		{02C1C8BC-B81F-4377-B66A-6A97EB067B84}.Debug|Any CPU.ActiveCfg = Debug|Any CPU
		{02C1C8BC-B81F-4377-B66A-6A97EB067B84}.Debug|Any CPU.Build.0 = Debug|Any CPU
		{02C1C8BC-B81F-4377-B66A-6A97EB067B84}.Release|Any CPU.ActiveCfg = Release|Any CPU
		{02C1C8BC-B81F-4377-B66A-6A97EB067B84}.Release|Any CPU.Build.0 = Release|Any CPU
	EndGlobalSection
	GlobalSection(SolutionProperties) = preSolution
		HideSolutionNode = FALSE
	EndGlobalSection
	GlobalSection(ExtensibilityGlobals) = postSolution
		SolutionGuid = {033C9FB5-17CE-453B-8B20-2962315533C0}
	EndGlobalSection
EndGlobal
