
Microsoft Visual Studio Solution File, Format Version 12.00
# Visual Studio Version 17
VisualStudioVersion = 17.11.35312.102
MinimumVisualStudioVersion = 10.0.40219.1
Project("{2150E333-8FDC-42A3-9474-1A3956D46DE8}") = "B1_Basics", "B1_Basics", "{CD51C70C-3D09-4CE6-B5B9-B4CF1A4BC957}"
EndProject
Project("{9A19103F-16F7-4668-BE54-9A1E7A4F7556}") = "Basics_01_Variables", "B1_Basics\Basics_01_Variables\Basics_01_Variables.csproj", "{3E60D940-84F9-4621-ABA7-0905426DA142}"
EndProject
Project("{9A19103F-16F7-4668-BE54-9A1E7A4F7556}") = "Basics_03_Strings", "B1_Basics\Basics_03_Strings\Basics_03_Strings.csproj", "{F20CA334-5456-4809-A5C0-925817048571}"
EndProject
Project("{9A19103F-16F7-4668-BE54-9A1E7A4F7556}") = "Basics_04_Pictures", "B1_Basics\Basics_04_Pictures\Basics_04_Pictures.csproj", "{02C1C8BC-B81F-4377-B66A-6A97EB067B84}"
EndProject
Project("{9A19103F-16F7-4668-BE54-9A1E7A4F7556}") = "Basics_05_Permutation", "B1_Basics\Basics_05_Permutation\Basics_05_Permutation.csproj", "{BDBD98B4-6E43-42DB-B108-80438297A37D}"
EndProject
Project("{9A19103F-16F7-4668-BE54-9A1E7A4F7556}") = "Basics_06_CrystalShop", "B1_Basics\Basics_06_CrystalShop\Basics_06_CrystalShop.csproj", "{2F835740-6686-43D5-BAA0-913FA7EF0946}"
EndProject
Project("{9A19103F-16F7-4668-BE54-9A1E7A4F7556}") = "Basics_07_Polyclinic", "B1_Basics\Basics_07_Polyclinic\Basics_07_Polyclinic.csproj", "{AB83A0C8-EEB5-4D6D-A6CC-B9C02A207807}"
EndProject
Project("{2150E333-8FDC-42A3-9474-1A3956D46DE8}") = "B2_IfSwitchLoops", "B2_IfSwitchLoops", "{A856B975-B69B-4B23-93F2-BE085AFED3B1}"
EndProject
Project("{9A19103F-16F7-4668-BE54-9A1E7A4F7556}") = "ISL_01_Mastering", "B2_IfSwitchLoops\ISL_01_Mastering\ISL_01_Mastering.csproj", "{03C3BEEA-B25B-4DEA-B105-066B9D463AE2}"
EndProject
Project("{9A19103F-16F7-4668-BE54-9A1E7A4F7556}") = "ISL_02_OutputControl", "B2_IfSwitchLoops\ISL_02_OutputControl\ISL_02_OutputControl.csproj", "{633E26AA-CE32-4FAB-80A9-006DD4C5C928}"
EndProject
Project("{9A19103F-16F7-4668-BE54-9A1E7A4F7556}") = "ISL_03_Sequence", "B2_IfSwitchLoops\ISL_03_Sequence\ISL_03_Sequence.csproj", "{335805D2-7F40-4CA8-B4C9-D0806EFC54BC}"
EndProject
Project("{9A19103F-16F7-4668-BE54-9A1E7A4F7556}") = "ISL_04_TheSum", "B2_IfSwitchLoops\ISL_04_TheSum\ISL_04_TheSum.csproj", "{F05E9731-E623-4CA1-B142-D5113F7C4D92}"
EndProject
Project("{9A19103F-16F7-4668-BE54-9A1E7A4F7556}") = "ISL_05_ConsoleMenu", "B2_IfSwitchLoops\ISL_05_ConsoleMenu\ISL_05_ConsoleMenu.csproj", "{01C6FE67-0817-4DFD-BC5D-9DEC5DED4585}"
EndProject
Project("{9A19103F-16F7-4668-BE54-9A1E7A4F7556}") = "ISL_06_CurrencyConverter", "B2_IfSwitchLoops\ISL_06_CurrencyConverter\ISL_06_CurrencyConverter.csproj", "{BED9C907-F5F0-490E-B38A-64427A73470A}"
EndProject
Project("{9A19103F-16F7-4668-BE54-9A1E7A4F7556}") = "ISL_07_NameOutput", "B2_IfSwitchLoops\ISL_07_NameOutput\ISL_07_NameOutput.csproj", "{222BC06A-8129-4F0D-87CF-C00AEFC5A7FF}"
EndProject
Project("{9A19103F-16F7-4668-BE54-9A1E7A4F7556}") = "ISL_08_UnderPassword", "B2_IfSwitchLoops\ISL_08_UnderPassword\ISL_08_UnderPassword.csproj", "{0A60D79C-5D3B-4B58-B4D3-B4CDA46DE141}"
EndProject
Project("{9A19103F-16F7-4668-BE54-9A1E7A4F7556}") = "ISL_09_MultiplesNumbers", "B2_IfSwitchLoops\ISL_09_MultiplesNumbers\ISL_09_MultiplesNumbers.csproj", "{9DF25FBD-C796-4A8D-911D-9D19CD13BC9A}"
EndProject
Project("{9A19103F-16F7-4668-BE54-9A1E7A4F7556}") = "ISL_10_DegreeTwo", "B2_IfSwitchLoops\ISL_10_DegreeTwo\ISL_10_DegreeTwo.csproj", "{12EE3C9E-F662-449D-A5C0-F0330BF6BA12}"
EndProject
Project("{9A19103F-16F7-4668-BE54-9A1E7A4F7556}") = "ISL_11_BossFight", "B2_IfSwitchLoops\ISL_11_BossFight\ISL_11_BossFight.csproj", "{D0BFA05E-EED1-4A75-A141-F5651498357B}"
EndProject
Project("{2150E333-8FDC-42A3-9474-1A3956D46DE8}") = "B3_Arrays", "B3_Arrays", "{321B9542-0657-42B1-A06F-291F282A51F5}"
EndProject
Project("{9A19103F-16F7-4668-BE54-9A1E7A4F7556}") = "Arrays_01_RowsColumns", "B3_Arrays\Arrays_01_RowsColumns\Arrays_01_RowsColumns.csproj", "{5EA97C0D-0ADA-4921-B683-F0A561C77604}"
EndProject
Project("{9A19103F-16F7-4668-BE54-9A1E7A4F7556}") = "Arrays_02_LargestElement", "B3_Arrays\Arrays_02_LargestElement\Arrays_02_LargestElement.csproj", "{911C800C-7640-49FD-BE7E-9ABA3EBC08D8}"
EndProject
Project("{9A19103F-16F7-4668-BE54-9A1E7A4F7556}") = "Arrays_03_LocalMaxima", "B3_Arrays\Arrays_03_LocalMaxima\Arrays_03_LocalMaxima.csproj", "{4326A3B5-E2B8-41D8-8167-D9CF5797DF29}"
EndProject
Project("{9A19103F-16F7-4668-BE54-9A1E7A4F7556}") = "Arrays_04_DynamicArray", "B3_Arrays\Arrays_04_DynamicArray\Arrays_04_DynamicArray.csproj", "{4066C33B-1937-45E5-B2E1-2D8162C5B905}"
EndProject
Project("{9A19103F-16F7-4668-BE54-9A1E7A4F7556}") = "Arrays_05_RepetitionsSubarray", "B3_Arrays\Arrays_05_RepetitionsSubarray\Arrays_05_RepetitionsSubarray.csproj", "{CE406E24-4853-439D-B26D-A6D2D08AD5DE}"
EndProject
Project("{9A19103F-16F7-4668-BE54-9A1E7A4F7556}") = "Arrays_06_Sorting", "B3_Arrays\Arrays_06_Sorting\Arrays_06_Sorting.csproj", "{48CB5A70-E63D-449E-AEEC-F7B989B40404}"
EndProject
Project("{9A19103F-16F7-4668-BE54-9A1E7A4F7556}") = "Arrays_07_Split", "B3_Arrays\Arrays_07_Split\Arrays_07_Split.csproj", "{26B84B37-F926-46E9-9345-D471B06FC746}"
EndProject
Project("{9A19103F-16F7-4668-BE54-9A1E7A4F7556}") = "Arrays_08_ShiftingValues", "B3_Arrays\Arrays_08_ShiftingValues\Arrays_08_ShiftingValues.csproj", "{3537420E-49BB-45C1-B866-2B54ED19D75E}"
EndProject
Project("{9A19103F-16F7-4668-BE54-9A1E7A4F7556}") = "Arrays_09_ParenthesisExpression", "B3_Arrays\Arrays_09_ParenthesisExpression\Arrays_09_ParenthesisExpression.csproj", "{2871E490-C761-41B0-848D-653A7C7D719A}"
EndProject
Project("{2150E333-8FDC-42A3-9474-1A3956D46DE8}") = "B4_Functions", "B4_Functions", "{4F6ACA31-4E0E-490E-AF5A-ACD02D2F2AFF}"
EndProject
Project("{9A19103F-16F7-4668-BE54-9A1E7A4F7556}") = "Func_01_ReadInt", "B4_Functions\Func_01_ReadInt\Func_01_ReadInt.csproj", "{54BE4C49-03B3-4680-9E7F-39918CE8776D}"
EndProject
Project("{9A19103F-16F7-4668-BE54-9A1E7A4F7556}") = "Func_02_UIElement", "B4_Functions\Func_02_UIElement\Func_02_UIElement.csproj", "{90F3FF65-3364-4A57-9ACF-194B8664B725}"
EndProject
Project("{9A19103F-16F7-4668-BE54-9A1E7A4F7556}") = "Func_03_Shuffle", "B4_Functions\Func_03_Shuffle\Func_03_Shuffle.csproj", "{0705602E-75A0-4417-BACB-FA5B2FB10754}"
EndProject
Project("{9A19103F-16F7-4668-BE54-9A1E7A4F7556}") = "Func_04_PersonnelAccounting", "B4_Functions\Func_04_PersonnelAccounting\Func_04_PersonnelAccounting.csproj", "{8FF80829-4F62-49DA-9BFD-A1F065272C72}"
EndProject
Project("{9A19103F-16F7-4668-BE54-9A1E7A4F7556}") = "Func_05_BraveNewWorld", "B4_Functions\Func_05_BraveNewWorld\Func_05_BraveNewWorld.csproj", "{D72DF6D1-5C01-4EBD-9177-F3ABD20B844F}"
EndProject
Project("{2150E333-8FDC-42A3-9474-1A3956D46DE8}") = "B5_Collections", "B5_Collections", "{2E969510-0DD4-4492-A21C-2A9BBAB960BF}"
EndProject
Project("{9A19103F-16F7-4668-BE54-9A1E7A4F7556}") = "Collections_01_Dictionary", "B5_Collections\Collections_01_Dictionary\Collections_01_Dictionary.csproj", "{BF941FBF-2F5E-42A3-BFF8-8EE68EA325E6}"
EndProject
Project("{9A19103F-16F7-4668-BE54-9A1E7A4F7556}") = "Collections_02_Queue", "B5_Collections\Collections_02_Queue\Collections_02_Queue.csproj", "{55E6A4EE-C30F-4A2A-A4EB-3F118566AFD1}"
EndProject
Project("{9A19103F-16F7-4668-BE54-9A1E7A4F7556}") = "Collections_03_DynamicArrayPro", "B5_Collections\Collections_03_DynamicArrayPro\Collections_03_DynamicArrayPro.csproj", "{0129A029-F605-4BFA-94D4-DFE3893C0F88}"
EndProject
Project("{9A19103F-16F7-4668-BE54-9A1E7A4F7556}") = "Collections_04_PersonnelAccountingPro", "B5_Collections\Collections_04_PersonnelAccountingPro\Collections_04_PersonnelAccountingPro.csproj", "{AD1235D9-5430-44A7-8048-827DC26EF284}"
EndProject
Project("{9A19103F-16F7-4668-BE54-9A1E7A4F7556}") = "Collections_05_Merging", "B5_Collections\Collections_05_Merging\Collections_05_Merging.csproj", "{8BB8FCC2-EE8E-406C-B6C1-E31A37C5FDF9}"
EndProject
Project("{2150E333-8FDC-42A3-9474-1A3956D46DE8}") = "B6_OOP", "B6_OOP", "{D1E3AF38-CB6B-47A5-A7EC-470B0FBC4002}"
EndProject
Project("{9A19103F-16F7-4668-BE54-9A1E7A4F7556}") = "OOP_01_WorkingWithClasses", "B6_OOP\OOP_01_WorkingWithClasses\OOP_01_WorkingWithClasses.csproj", "{B15FC522-734C-42A3-B446-AE30CF766DCD}"
EndProject
Project("{9A19103F-16F7-4668-BE54-9A1E7A4F7556}") = "OOP_02_WorkingWithProperties", "B6_OOP\OOP_02_WorkingWithProperties\OOP_02_WorkingWithProperties.csproj", "{40397A72-CBFE-4F0B-BC51-D91C3AC34A70}"
EndProject
Project("{9A19103F-16F7-4668-BE54-9A1E7A4F7556}") = "OOP_03_PlayerDatabase", "B6_OOP\OOP_03_PlayerDatabase\OOP_03_PlayerDatabase.csproj", "{E8D1B44B-F845-4C25-9A00-7041F59A12CB}"
EndProject
Project("{9A19103F-16F7-4668-BE54-9A1E7A4F7556}") = "OOP_04_Deck", "B6_OOP\OOP_04_Deck\OOP_04_Deck.csproj", "{83E5CB88-5E72-4437-B14E-A54320454D06}"
EndProject
Project("{9A19103F-16F7-4668-BE54-9A1E7A4F7556}") = "OOP_05_BookStorage", "B6_OOP\OOP_05_BookStorage\OOP_05_BookStorage.csproj", "{4F285331-C93F-418D-84FA-CF8A548454E8}"
EndProject
Project("{FAE04EC0-301F-11D3-BF4B-00C04F79EFBC}") = "OOP_06_Shop", "B6_OOP\OOP_06_Shop\OOP_06_Shop.csproj", "{79578ED6-821B-429F-B808-B2EE73297890}"
EndProject
Global
	GlobalSection(SolutionConfigurationPlatforms) = preSolution
		Debug|Any CPU = Debug|Any CPU
		Release|Any CPU = Release|Any CPU
	EndGlobalSection
	GlobalSection(ProjectConfigurationPlatforms) = postSolution
		{3E60D940-84F9-4621-ABA7-0905426DA142}.Debug|Any CPU.ActiveCfg = Debug|Any CPU
		{3E60D940-84F9-4621-ABA7-0905426DA142}.Debug|Any CPU.Build.0 = Debug|Any CPU
		{3E60D940-84F9-4621-ABA7-0905426DA142}.Release|Any CPU.ActiveCfg = Release|Any CPU
		{3E60D940-84F9-4621-ABA7-0905426DA142}.Release|Any CPU.Build.0 = Release|Any CPU
		{F20CA334-5456-4809-A5C0-925817048571}.Debug|Any CPU.ActiveCfg = Debug|Any CPU
		{F20CA334-5456-4809-A5C0-925817048571}.Debug|Any CPU.Build.0 = Debug|Any CPU
		{F20CA334-5456-4809-A5C0-925817048571}.Release|Any CPU.ActiveCfg = Release|Any CPU
		{F20CA334-5456-4809-A5C0-925817048571}.Release|Any CPU.Build.0 = Release|Any CPU
		{02C1C8BC-B81F-4377-B66A-6A97EB067B84}.Debug|Any CPU.ActiveCfg = Debug|Any CPU
		{02C1C8BC-B81F-4377-B66A-6A97EB067B84}.Debug|Any CPU.Build.0 = Debug|Any CPU
		{02C1C8BC-B81F-4377-B66A-6A97EB067B84}.Release|Any CPU.ActiveCfg = Release|Any CPU
		{02C1C8BC-B81F-4377-B66A-6A97EB067B84}.Release|Any CPU.Build.0 = Release|Any CPU
		{BDBD98B4-6E43-42DB-B108-80438297A37D}.Debug|Any CPU.ActiveCfg = Debug|Any CPU
		{BDBD98B4-6E43-42DB-B108-80438297A37D}.Debug|Any CPU.Build.0 = Debug|Any CPU
		{BDBD98B4-6E43-42DB-B108-80438297A37D}.Release|Any CPU.ActiveCfg = Release|Any CPU
		{BDBD98B4-6E43-42DB-B108-80438297A37D}.Release|Any CPU.Build.0 = Release|Any CPU
		{2F835740-6686-43D5-BAA0-913FA7EF0946}.Debug|Any CPU.ActiveCfg = Debug|Any CPU
		{2F835740-6686-43D5-BAA0-913FA7EF0946}.Debug|Any CPU.Build.0 = Debug|Any CPU
		{2F835740-6686-43D5-BAA0-913FA7EF0946}.Release|Any CPU.ActiveCfg = Release|Any CPU
		{2F835740-6686-43D5-BAA0-913FA7EF0946}.Release|Any CPU.Build.0 = Release|Any CPU
		{AB83A0C8-EEB5-4D6D-A6CC-B9C02A207807}.Debug|Any CPU.ActiveCfg = Debug|Any CPU
		{AB83A0C8-EEB5-4D6D-A6CC-B9C02A207807}.Debug|Any CPU.Build.0 = Debug|Any CPU
		{AB83A0C8-EEB5-4D6D-A6CC-B9C02A207807}.Release|Any CPU.ActiveCfg = Release|Any CPU
		{AB83A0C8-EEB5-4D6D-A6CC-B9C02A207807}.Release|Any CPU.Build.0 = Release|Any CPU
		{03C3BEEA-B25B-4DEA-B105-066B9D463AE2}.Debug|Any CPU.ActiveCfg = Debug|Any CPU
		{03C3BEEA-B25B-4DEA-B105-066B9D463AE2}.Debug|Any CPU.Build.0 = Debug|Any CPU
		{03C3BEEA-B25B-4DEA-B105-066B9D463AE2}.Release|Any CPU.ActiveCfg = Release|Any CPU
		{03C3BEEA-B25B-4DEA-B105-066B9D463AE2}.Release|Any CPU.Build.0 = Release|Any CPU
		{633E26AA-CE32-4FAB-80A9-006DD4C5C928}.Debug|Any CPU.ActiveCfg = Debug|Any CPU
		{633E26AA-CE32-4FAB-80A9-006DD4C5C928}.Debug|Any CPU.Build.0 = Debug|Any CPU
		{633E26AA-CE32-4FAB-80A9-006DD4C5C928}.Release|Any CPU.ActiveCfg = Release|Any CPU
		{633E26AA-CE32-4FAB-80A9-006DD4C5C928}.Release|Any CPU.Build.0 = Release|Any CPU
		{335805D2-7F40-4CA8-B4C9-D0806EFC54BC}.Debug|Any CPU.ActiveCfg = Debug|Any CPU
		{335805D2-7F40-4CA8-B4C9-D0806EFC54BC}.Debug|Any CPU.Build.0 = Debug|Any CPU
		{335805D2-7F40-4CA8-B4C9-D0806EFC54BC}.Release|Any CPU.ActiveCfg = Release|Any CPU
		{335805D2-7F40-4CA8-B4C9-D0806EFC54BC}.Release|Any CPU.Build.0 = Release|Any CPU
		{F05E9731-E623-4CA1-B142-D5113F7C4D92}.Debug|Any CPU.ActiveCfg = Debug|Any CPU
		{F05E9731-E623-4CA1-B142-D5113F7C4D92}.Debug|Any CPU.Build.0 = Debug|Any CPU
		{F05E9731-E623-4CA1-B142-D5113F7C4D92}.Release|Any CPU.ActiveCfg = Release|Any CPU
		{F05E9731-E623-4CA1-B142-D5113F7C4D92}.Release|Any CPU.Build.0 = Release|Any CPU
		{01C6FE67-0817-4DFD-BC5D-9DEC5DED4585}.Debug|Any CPU.ActiveCfg = Debug|Any CPU
		{01C6FE67-0817-4DFD-BC5D-9DEC5DED4585}.Debug|Any CPU.Build.0 = Debug|Any CPU
		{01C6FE67-0817-4DFD-BC5D-9DEC5DED4585}.Release|Any CPU.ActiveCfg = Release|Any CPU
		{01C6FE67-0817-4DFD-BC5D-9DEC5DED4585}.Release|Any CPU.Build.0 = Release|Any CPU
		{BED9C907-F5F0-490E-B38A-64427A73470A}.Debug|Any CPU.ActiveCfg = Debug|Any CPU
		{BED9C907-F5F0-490E-B38A-64427A73470A}.Debug|Any CPU.Build.0 = Debug|Any CPU
		{BED9C907-F5F0-490E-B38A-64427A73470A}.Release|Any CPU.ActiveCfg = Release|Any CPU
		{BED9C907-F5F0-490E-B38A-64427A73470A}.Release|Any CPU.Build.0 = Release|Any CPU
		{222BC06A-8129-4F0D-87CF-C00AEFC5A7FF}.Debug|Any CPU.ActiveCfg = Debug|Any CPU
		{222BC06A-8129-4F0D-87CF-C00AEFC5A7FF}.Debug|Any CPU.Build.0 = Debug|Any CPU
		{222BC06A-8129-4F0D-87CF-C00AEFC5A7FF}.Release|Any CPU.ActiveCfg = Release|Any CPU
		{222BC06A-8129-4F0D-87CF-C00AEFC5A7FF}.Release|Any CPU.Build.0 = Release|Any CPU
		{0A60D79C-5D3B-4B58-B4D3-B4CDA46DE141}.Debug|Any CPU.ActiveCfg = Debug|Any CPU
		{0A60D79C-5D3B-4B58-B4D3-B4CDA46DE141}.Debug|Any CPU.Build.0 = Debug|Any CPU
		{0A60D79C-5D3B-4B58-B4D3-B4CDA46DE141}.Release|Any CPU.ActiveCfg = Release|Any CPU
		{0A60D79C-5D3B-4B58-B4D3-B4CDA46DE141}.Release|Any CPU.Build.0 = Release|Any CPU
		{9DF25FBD-C796-4A8D-911D-9D19CD13BC9A}.Debug|Any CPU.ActiveCfg = Debug|Any CPU
		{9DF25FBD-C796-4A8D-911D-9D19CD13BC9A}.Debug|Any CPU.Build.0 = Debug|Any CPU
		{9DF25FBD-C796-4A8D-911D-9D19CD13BC9A}.Release|Any CPU.ActiveCfg = Release|Any CPU
		{9DF25FBD-C796-4A8D-911D-9D19CD13BC9A}.Release|Any CPU.Build.0 = Release|Any CPU
		{12EE3C9E-F662-449D-A5C0-F0330BF6BA12}.Debug|Any CPU.ActiveCfg = Debug|Any CPU
		{12EE3C9E-F662-449D-A5C0-F0330BF6BA12}.Debug|Any CPU.Build.0 = Debug|Any CPU
		{12EE3C9E-F662-449D-A5C0-F0330BF6BA12}.Release|Any CPU.ActiveCfg = Release|Any CPU
		{12EE3C9E-F662-449D-A5C0-F0330BF6BA12}.Release|Any CPU.Build.0 = Release|Any CPU
		{D0BFA05E-EED1-4A75-A141-F5651498357B}.Debug|Any CPU.ActiveCfg = Debug|Any CPU
		{D0BFA05E-EED1-4A75-A141-F5651498357B}.Debug|Any CPU.Build.0 = Debug|Any CPU
		{D0BFA05E-EED1-4A75-A141-F5651498357B}.Release|Any CPU.ActiveCfg = Release|Any CPU
		{D0BFA05E-EED1-4A75-A141-F5651498357B}.Release|Any CPU.Build.0 = Release|Any CPU
		{5EA97C0D-0ADA-4921-B683-F0A561C77604}.Debug|Any CPU.ActiveCfg = Debug|Any CPU
		{5EA97C0D-0ADA-4921-B683-F0A561C77604}.Debug|Any CPU.Build.0 = Debug|Any CPU
		{5EA97C0D-0ADA-4921-B683-F0A561C77604}.Release|Any CPU.ActiveCfg = Release|Any CPU
		{5EA97C0D-0ADA-4921-B683-F0A561C77604}.Release|Any CPU.Build.0 = Release|Any CPU
		{911C800C-7640-49FD-BE7E-9ABA3EBC08D8}.Debug|Any CPU.ActiveCfg = Debug|Any CPU
		{911C800C-7640-49FD-BE7E-9ABA3EBC08D8}.Debug|Any CPU.Build.0 = Debug|Any CPU
		{911C800C-7640-49FD-BE7E-9ABA3EBC08D8}.Release|Any CPU.ActiveCfg = Release|Any CPU
		{911C800C-7640-49FD-BE7E-9ABA3EBC08D8}.Release|Any CPU.Build.0 = Release|Any CPU
		{4326A3B5-E2B8-41D8-8167-D9CF5797DF29}.Debug|Any CPU.ActiveCfg = Debug|Any CPU
		{4326A3B5-E2B8-41D8-8167-D9CF5797DF29}.Debug|Any CPU.Build.0 = Debug|Any CPU
		{4326A3B5-E2B8-41D8-8167-D9CF5797DF29}.Release|Any CPU.ActiveCfg = Release|Any CPU
		{4326A3B5-E2B8-41D8-8167-D9CF5797DF29}.Release|Any CPU.Build.0 = Release|Any CPU
		{4066C33B-1937-45E5-B2E1-2D8162C5B905}.Debug|Any CPU.ActiveCfg = Debug|Any CPU
		{4066C33B-1937-45E5-B2E1-2D8162C5B905}.Debug|Any CPU.Build.0 = Debug|Any CPU
		{4066C33B-1937-45E5-B2E1-2D8162C5B905}.Release|Any CPU.ActiveCfg = Release|Any CPU
		{4066C33B-1937-45E5-B2E1-2D8162C5B905}.Release|Any CPU.Build.0 = Release|Any CPU
		{CE406E24-4853-439D-B26D-A6D2D08AD5DE}.Debug|Any CPU.ActiveCfg = Debug|Any CPU
		{CE406E24-4853-439D-B26D-A6D2D08AD5DE}.Debug|Any CPU.Build.0 = Debug|Any CPU
		{CE406E24-4853-439D-B26D-A6D2D08AD5DE}.Release|Any CPU.ActiveCfg = Release|Any CPU
		{CE406E24-4853-439D-B26D-A6D2D08AD5DE}.Release|Any CPU.Build.0 = Release|Any CPU
		{48CB5A70-E63D-449E-AEEC-F7B989B40404}.Debug|Any CPU.ActiveCfg = Debug|Any CPU
		{48CB5A70-E63D-449E-AEEC-F7B989B40404}.Debug|Any CPU.Build.0 = Debug|Any CPU
		{48CB5A70-E63D-449E-AEEC-F7B989B40404}.Release|Any CPU.ActiveCfg = Release|Any CPU
		{48CB5A70-E63D-449E-AEEC-F7B989B40404}.Release|Any CPU.Build.0 = Release|Any CPU
		{26B84B37-F926-46E9-9345-D471B06FC746}.Debug|Any CPU.ActiveCfg = Debug|Any CPU
		{26B84B37-F926-46E9-9345-D471B06FC746}.Debug|Any CPU.Build.0 = Debug|Any CPU
		{26B84B37-F926-46E9-9345-D471B06FC746}.Release|Any CPU.ActiveCfg = Release|Any CPU
		{26B84B37-F926-46E9-9345-D471B06FC746}.Release|Any CPU.Build.0 = Release|Any CPU
		{3537420E-49BB-45C1-B866-2B54ED19D75E}.Debug|Any CPU.ActiveCfg = Debug|Any CPU
		{3537420E-49BB-45C1-B866-2B54ED19D75E}.Debug|Any CPU.Build.0 = Debug|Any CPU
		{3537420E-49BB-45C1-B866-2B54ED19D75E}.Release|Any CPU.ActiveCfg = Release|Any CPU
		{3537420E-49BB-45C1-B866-2B54ED19D75E}.Release|Any CPU.Build.0 = Release|Any CPU
		{2871E490-C761-41B0-848D-653A7C7D719A}.Debug|Any CPU.ActiveCfg = Debug|Any CPU
		{2871E490-C761-41B0-848D-653A7C7D719A}.Debug|Any CPU.Build.0 = Debug|Any CPU
		{2871E490-C761-41B0-848D-653A7C7D719A}.Release|Any CPU.ActiveCfg = Release|Any CPU
		{2871E490-C761-41B0-848D-653A7C7D719A}.Release|Any CPU.Build.0 = Release|Any CPU
		{54BE4C49-03B3-4680-9E7F-39918CE8776D}.Debug|Any CPU.ActiveCfg = Debug|Any CPU
		{54BE4C49-03B3-4680-9E7F-39918CE8776D}.Debug|Any CPU.Build.0 = Debug|Any CPU
		{54BE4C49-03B3-4680-9E7F-39918CE8776D}.Release|Any CPU.ActiveCfg = Release|Any CPU
		{54BE4C49-03B3-4680-9E7F-39918CE8776D}.Release|Any CPU.Build.0 = Release|Any CPU
		{90F3FF65-3364-4A57-9ACF-194B8664B725}.Debug|Any CPU.ActiveCfg = Debug|Any CPU
		{90F3FF65-3364-4A57-9ACF-194B8664B725}.Debug|Any CPU.Build.0 = Debug|Any CPU
		{90F3FF65-3364-4A57-9ACF-194B8664B725}.Release|Any CPU.ActiveCfg = Release|Any CPU
		{90F3FF65-3364-4A57-9ACF-194B8664B725}.Release|Any CPU.Build.0 = Release|Any CPU
		{0705602E-75A0-4417-BACB-FA5B2FB10754}.Debug|Any CPU.ActiveCfg = Debug|Any CPU
		{0705602E-75A0-4417-BACB-FA5B2FB10754}.Debug|Any CPU.Build.0 = Debug|Any CPU
		{0705602E-75A0-4417-BACB-FA5B2FB10754}.Release|Any CPU.ActiveCfg = Release|Any CPU
		{0705602E-75A0-4417-BACB-FA5B2FB10754}.Release|Any CPU.Build.0 = Release|Any CPU
		{8FF80829-4F62-49DA-9BFD-A1F065272C72}.Debug|Any CPU.ActiveCfg = Debug|Any CPU
		{8FF80829-4F62-49DA-9BFD-A1F065272C72}.Debug|Any CPU.Build.0 = Debug|Any CPU
		{8FF80829-4F62-49DA-9BFD-A1F065272C72}.Release|Any CPU.ActiveCfg = Release|Any CPU
		{8FF80829-4F62-49DA-9BFD-A1F065272C72}.Release|Any CPU.Build.0 = Release|Any CPU
		{D72DF6D1-5C01-4EBD-9177-F3ABD20B844F}.Debug|Any CPU.ActiveCfg = Debug|Any CPU
		{D72DF6D1-5C01-4EBD-9177-F3ABD20B844F}.Debug|Any CPU.Build.0 = Debug|Any CPU
		{D72DF6D1-5C01-4EBD-9177-F3ABD20B844F}.Release|Any CPU.ActiveCfg = Release|Any CPU
		{D72DF6D1-5C01-4EBD-9177-F3ABD20B844F}.Release|Any CPU.Build.0 = Release|Any CPU
		{BF941FBF-2F5E-42A3-BFF8-8EE68EA325E6}.Debug|Any CPU.ActiveCfg = Debug|Any CPU
		{BF941FBF-2F5E-42A3-BFF8-8EE68EA325E6}.Debug|Any CPU.Build.0 = Debug|Any CPU
		{BF941FBF-2F5E-42A3-BFF8-8EE68EA325E6}.Release|Any CPU.ActiveCfg = Release|Any CPU
		{BF941FBF-2F5E-42A3-BFF8-8EE68EA325E6}.Release|Any CPU.Build.0 = Release|Any CPU
		{55E6A4EE-C30F-4A2A-A4EB-3F118566AFD1}.Debug|Any CPU.ActiveCfg = Debug|Any CPU
		{55E6A4EE-C30F-4A2A-A4EB-3F118566AFD1}.Debug|Any CPU.Build.0 = Debug|Any CPU
		{55E6A4EE-C30F-4A2A-A4EB-3F118566AFD1}.Release|Any CPU.ActiveCfg = Release|Any CPU
		{55E6A4EE-C30F-4A2A-A4EB-3F118566AFD1}.Release|Any CPU.Build.0 = Release|Any CPU
		{0129A029-F605-4BFA-94D4-DFE3893C0F88}.Debug|Any CPU.ActiveCfg = Debug|Any CPU
		{0129A029-F605-4BFA-94D4-DFE3893C0F88}.Debug|Any CPU.Build.0 = Debug|Any CPU
		{0129A029-F605-4BFA-94D4-DFE3893C0F88}.Release|Any CPU.ActiveCfg = Release|Any CPU
		{0129A029-F605-4BFA-94D4-DFE3893C0F88}.Release|Any CPU.Build.0 = Release|Any CPU
		{AD1235D9-5430-44A7-8048-827DC26EF284}.Debug|Any CPU.ActiveCfg = Debug|Any CPU
		{AD1235D9-5430-44A7-8048-827DC26EF284}.Debug|Any CPU.Build.0 = Debug|Any CPU
		{AD1235D9-5430-44A7-8048-827DC26EF284}.Release|Any CPU.ActiveCfg = Release|Any CPU
		{AD1235D9-5430-44A7-8048-827DC26EF284}.Release|Any CPU.Build.0 = Release|Any CPU
		{8BB8FCC2-EE8E-406C-B6C1-E31A37C5FDF9}.Debug|Any CPU.ActiveCfg = Debug|Any CPU
		{8BB8FCC2-EE8E-406C-B6C1-E31A37C5FDF9}.Debug|Any CPU.Build.0 = Debug|Any CPU
		{8BB8FCC2-EE8E-406C-B6C1-E31A37C5FDF9}.Release|Any CPU.ActiveCfg = Release|Any CPU
		{8BB8FCC2-EE8E-406C-B6C1-E31A37C5FDF9}.Release|Any CPU.Build.0 = Release|Any CPU
		{B15FC522-734C-42A3-B446-AE30CF766DCD}.Debug|Any CPU.ActiveCfg = Debug|Any CPU
		{B15FC522-734C-42A3-B446-AE30CF766DCD}.Debug|Any CPU.Build.0 = Debug|Any CPU
		{B15FC522-734C-42A3-B446-AE30CF766DCD}.Release|Any CPU.ActiveCfg = Release|Any CPU
		{B15FC522-734C-42A3-B446-AE30CF766DCD}.Release|Any CPU.Build.0 = Release|Any CPU
		{40397A72-CBFE-4F0B-BC51-D91C3AC34A70}.Debug|Any CPU.ActiveCfg = Debug|Any CPU
		{40397A72-CBFE-4F0B-BC51-D91C3AC34A70}.Debug|Any CPU.Build.0 = Debug|Any CPU
		{40397A72-CBFE-4F0B-BC51-D91C3AC34A70}.Release|Any CPU.ActiveCfg = Release|Any CPU
		{40397A72-CBFE-4F0B-BC51-D91C3AC34A70}.Release|Any CPU.Build.0 = Release|Any CPU
		{E8D1B44B-F845-4C25-9A00-7041F59A12CB}.Debug|Any CPU.ActiveCfg = Debug|Any CPU
		{E8D1B44B-F845-4C25-9A00-7041F59A12CB}.Debug|Any CPU.Build.0 = Debug|Any CPU
		{E8D1B44B-F845-4C25-9A00-7041F59A12CB}.Release|Any CPU.ActiveCfg = Release|Any CPU
		{E8D1B44B-F845-4C25-9A00-7041F59A12CB}.Release|Any CPU.Build.0 = Release|Any CPU
		{83E5CB88-5E72-4437-B14E-A54320454D06}.Debug|Any CPU.ActiveCfg = Debug|Any CPU
		{83E5CB88-5E72-4437-B14E-A54320454D06}.Debug|Any CPU.Build.0 = Debug|Any CPU
		{83E5CB88-5E72-4437-B14E-A54320454D06}.Release|Any CPU.ActiveCfg = Release|Any CPU
		{83E5CB88-5E72-4437-B14E-A54320454D06}.Release|Any CPU.Build.0 = Release|Any CPU
		{4F285331-C93F-418D-84FA-CF8A548454E8}.Debug|Any CPU.ActiveCfg = Debug|Any CPU
		{4F285331-C93F-418D-84FA-CF8A548454E8}.Debug|Any CPU.Build.0 = Debug|Any CPU
		{4F285331-C93F-418D-84FA-CF8A548454E8}.Release|Any CPU.ActiveCfg = Release|Any CPU
		{4F285331-C93F-418D-84FA-CF8A548454E8}.Release|Any CPU.Build.0 = Release|Any CPU
		{79578ED6-821B-429F-B808-B2EE73297890}.Debug|Any CPU.ActiveCfg = Debug|Any CPU
		{79578ED6-821B-429F-B808-B2EE73297890}.Debug|Any CPU.Build.0 = Debug|Any CPU
		{79578ED6-821B-429F-B808-B2EE73297890}.Release|Any CPU.ActiveCfg = Release|Any CPU
		{79578ED6-821B-429F-B808-B2EE73297890}.Release|Any CPU.Build.0 = Release|Any CPU
	EndGlobalSection
	GlobalSection(SolutionProperties) = preSolution
		HideSolutionNode = FALSE
	EndGlobalSection
	GlobalSection(NestedProjects) = preSolution
		{3E60D940-84F9-4621-ABA7-0905426DA142} = {CD51C70C-3D09-4CE6-B5B9-B4CF1A4BC957}
		{F20CA334-5456-4809-A5C0-925817048571} = {CD51C70C-3D09-4CE6-B5B9-B4CF1A4BC957}
		{02C1C8BC-B81F-4377-B66A-6A97EB067B84} = {CD51C70C-3D09-4CE6-B5B9-B4CF1A4BC957}
		{BDBD98B4-6E43-42DB-B108-80438297A37D} = {CD51C70C-3D09-4CE6-B5B9-B4CF1A4BC957}
		{2F835740-6686-43D5-BAA0-913FA7EF0946} = {CD51C70C-3D09-4CE6-B5B9-B4CF1A4BC957}
		{AB83A0C8-EEB5-4D6D-A6CC-B9C02A207807} = {CD51C70C-3D09-4CE6-B5B9-B4CF1A4BC957}
		{03C3BEEA-B25B-4DEA-B105-066B9D463AE2} = {A856B975-B69B-4B23-93F2-BE085AFED3B1}
		{633E26AA-CE32-4FAB-80A9-006DD4C5C928} = {A856B975-B69B-4B23-93F2-BE085AFED3B1}
		{335805D2-7F40-4CA8-B4C9-D0806EFC54BC} = {A856B975-B69B-4B23-93F2-BE085AFED3B1}
		{F05E9731-E623-4CA1-B142-D5113F7C4D92} = {A856B975-B69B-4B23-93F2-BE085AFED3B1}
		{01C6FE67-0817-4DFD-BC5D-9DEC5DED4585} = {A856B975-B69B-4B23-93F2-BE085AFED3B1}
		{BED9C907-F5F0-490E-B38A-64427A73470A} = {A856B975-B69B-4B23-93F2-BE085AFED3B1}
		{222BC06A-8129-4F0D-87CF-C00AEFC5A7FF} = {A856B975-B69B-4B23-93F2-BE085AFED3B1}
		{0A60D79C-5D3B-4B58-B4D3-B4CDA46DE141} = {A856B975-B69B-4B23-93F2-BE085AFED3B1}
		{9DF25FBD-C796-4A8D-911D-9D19CD13BC9A} = {A856B975-B69B-4B23-93F2-BE085AFED3B1}
		{12EE3C9E-F662-449D-A5C0-F0330BF6BA12} = {A856B975-B69B-4B23-93F2-BE085AFED3B1}
		{D0BFA05E-EED1-4A75-A141-F5651498357B} = {A856B975-B69B-4B23-93F2-BE085AFED3B1}
		{5EA97C0D-0ADA-4921-B683-F0A561C77604} = {321B9542-0657-42B1-A06F-291F282A51F5}
		{911C800C-7640-49FD-BE7E-9ABA3EBC08D8} = {321B9542-0657-42B1-A06F-291F282A51F5}
		{4326A3B5-E2B8-41D8-8167-D9CF5797DF29} = {321B9542-0657-42B1-A06F-291F282A51F5}
		{4066C33B-1937-45E5-B2E1-2D8162C5B905} = {321B9542-0657-42B1-A06F-291F282A51F5}
		{CE406E24-4853-439D-B26D-A6D2D08AD5DE} = {321B9542-0657-42B1-A06F-291F282A51F5}
		{48CB5A70-E63D-449E-AEEC-F7B989B40404} = {321B9542-0657-42B1-A06F-291F282A51F5}
		{26B84B37-F926-46E9-9345-D471B06FC746} = {321B9542-0657-42B1-A06F-291F282A51F5}
		{3537420E-49BB-45C1-B866-2B54ED19D75E} = {321B9542-0657-42B1-A06F-291F282A51F5}
		{2871E490-C761-41B0-848D-653A7C7D719A} = {321B9542-0657-42B1-A06F-291F282A51F5}
		{54BE4C49-03B3-4680-9E7F-39918CE8776D} = {4F6ACA31-4E0E-490E-AF5A-ACD02D2F2AFF}
		{90F3FF65-3364-4A57-9ACF-194B8664B725} = {4F6ACA31-4E0E-490E-AF5A-ACD02D2F2AFF}
		{0705602E-75A0-4417-BACB-FA5B2FB10754} = {4F6ACA31-4E0E-490E-AF5A-ACD02D2F2AFF}
		{8FF80829-4F62-49DA-9BFD-A1F065272C72} = {4F6ACA31-4E0E-490E-AF5A-ACD02D2F2AFF}
		{D72DF6D1-5C01-4EBD-9177-F3ABD20B844F} = {4F6ACA31-4E0E-490E-AF5A-ACD02D2F2AFF}
		{BF941FBF-2F5E-42A3-BFF8-8EE68EA325E6} = {2E969510-0DD4-4492-A21C-2A9BBAB960BF}
		{55E6A4EE-C30F-4A2A-A4EB-3F118566AFD1} = {2E969510-0DD4-4492-A21C-2A9BBAB960BF}
		{0129A029-F605-4BFA-94D4-DFE3893C0F88} = {2E969510-0DD4-4492-A21C-2A9BBAB960BF}
		{AD1235D9-5430-44A7-8048-827DC26EF284} = {2E969510-0DD4-4492-A21C-2A9BBAB960BF}
		{8BB8FCC2-EE8E-406C-B6C1-E31A37C5FDF9} = {2E969510-0DD4-4492-A21C-2A9BBAB960BF}
		{B15FC522-734C-42A3-B446-AE30CF766DCD} = {D1E3AF38-CB6B-47A5-A7EC-470B0FBC4002}
		{40397A72-CBFE-4F0B-BC51-D91C3AC34A70} = {D1E3AF38-CB6B-47A5-A7EC-470B0FBC4002}
		{E8D1B44B-F845-4C25-9A00-7041F59A12CB} = {D1E3AF38-CB6B-47A5-A7EC-470B0FBC4002}
		{83E5CB88-5E72-4437-B14E-A54320454D06} = {D1E3AF38-CB6B-47A5-A7EC-470B0FBC4002}
		{4F285331-C93F-418D-84FA-CF8A548454E8} = {D1E3AF38-CB6B-47A5-A7EC-470B0FBC4002}
		{79578ED6-821B-429F-B808-B2EE73297890} = {D1E3AF38-CB6B-47A5-A7EC-470B0FBC4002}
	EndGlobalSection
	GlobalSection(ExtensibilityGlobals) = postSolution
		SolutionGuid = {033C9FB5-17CE-453B-8B20-2962315533C0}
	EndGlobalSection
EndGlobal
